// !$*UTF8*$!
{
	archiveVersion = 1;
	classes = {
	};
	objectVersion = 46;
	objects = {

/* Begin PBXFileReference section */
		C6D5968316F66FC0002489F5 /* simple_express2.js */ = {isa = PBXFileReference; lastKnownFileType = sourcecode.javascript; path = simple_express2.js; sourceTree = "<group>"; };
		C6D5968416F66FC0002489F5 /* simple_express3.js */ = {isa = PBXFileReference; lastKnownFileType = sourcecode.javascript; path = simple_express3.js; sourceTree = "<group>"; };
		C6D599F216F671FF002489F5 /* app.js */ = {isa = PBXFileReference; lastKnownFileType = sourcecode.javascript; path = app.js; sourceTree = "<group>"; };
		C6D599F316F671FF002489F5 /* package.json */ = {isa = PBXFileReference; lastKnownFileType = text.json; path = package.json; sourceTree = "<group>"; };
		C6D599F416F671FF002489F5 /* README.md */ = {isa = PBXFileReference; lastKnownFileType = text; path = README.md; sourceTree = "<group>"; };
		C6D599F516F7F85E002489F5 /* index.js */ = {isa = PBXFileReference; lastKnownFileType = sourcecode.javascript; name = index.js; path = routes/index.js; sourceTree = "<group>"; };
		C6D599F616F7F85E002489F5 /* user.js */ = {isa = PBXFileReference; lastKnownFileType = sourcecode.javascript; name = user.js; path = routes/user.js; sourceTree = "<group>"; };
		C6D599F916F82FAA002489F5 /* main.js */ = {isa = PBXFileReference; lastKnownFileType = sourcecode.javascript; path = main.js; sourceTree = "<group>"; };
/* End PBXFileReference section */

/* Begin PBXGroup section */
		C6D5967916F66C51002489F5 = {
			isa = PBXGroup;
			children = (
				C6D599F916F82FAA002489F5 /* main.js */,
				C6D599F716F7F898002489F5 /* routes */,
				C6D599F216F671FF002489F5 /* app.js */,
				C6D599F316F671FF002489F5 /* package.json */,
				C6D599F416F671FF002489F5 /* README.md */,
				C6D5968316F66FC0002489F5 /* simple_express2.js */,
				C6D5968416F66FC0002489F5 /* simple_express3.js */,
			);
			sourceTree = "<group>";
		};
		C6D599F716F7F898002489F5 /* routes */ = {
			isa = PBXGroup;
			children = (
				C6D599F516F7F85E002489F5 /* index.js */,
				C6D599F616F7F85E002489F5 /* user.js */,
			);
			name = routes;
			sourceTree = "<group>";
		};
/* End PBXGroup section */

/* Begin PBXProject section */
		C6D5967A16F66C51002489F5 /* Project object */ = {
			isa = PBXProject;
			attributes = {
				LastUpgradeCheck = 0460;
			};
			buildConfigurationList = C6D5967D16F66C52002489F5 /* Build configuration list for PBXProject "Alfalfa" */;
			compatibilityVersion = "Xcode 3.2";
			developmentRegion = English;
			hasScannedForEncodings = 0;
			knownRegions = (
				en,
			);
			mainGroup = C6D5967916F66C51002489F5;
			projectDirPath = "";
			projectRoot = "";
			targets = (
			);
		};
/* End PBXProject section */

/* Begin XCBuildConfiguration section */
		C6D5967E16F66C52002489F5 /* Debug */ = {
			isa = XCBuildConfiguration;
			buildSettings = {
			};
			name = Debug;
		};
		C6D5967F16F66C52002489F5 /* Release */ = {
			isa = XCBuildConfiguration;
			buildSettings = {
			};
			name = Release;
		};
/* End XCBuildConfiguration section */

/* Begin XCConfigurationList section */
		C6D5967D16F66C52002489F5 /* Build configuration list for PBXProject "Alfalfa" */ = {
			isa = XCConfigurationList;
			buildConfigurations = (
				C6D5967E16F66C52002489F5 /* Debug */,
				C6D5967F16F66C52002489F5 /* Release */,
			);
			defaultConfigurationIsVisible = 0;
			defaultConfigurationName = Release;
		};
/* End XCConfigurationList section */
	};
	rootObject = C6D5967A16F66C51002489F5 /* Project object */;
}
